github.com/google/btree v1.1.2 h1:xf4v41cLI2Z6FxbKm+8Bu+m8ifhj15JuZ9sa0jZCMUU=
github.com/google/btree v1.1.2/go.mod h1:qOPhT0dTNdNzV6Z/lhRX0YXUafgPLFUh+gZMl761Gm4=
github.com/google/go-cmp v0.6.0 h1:ofyhxvXcZhMsU5ulbFiLKl/XBFqE1GSq7atu8tAmTRI=
github.com/google/go-cmp v0.6.0/go.mod h1:17dUlkBOakJ0+DkrSSNjCkIjxS6bF9zb3elmeNGIjoY=
github.com/miekg/dns v1.1.72 h1:vhmr+TF2A3tuoGNkLDFK9zi36F2LS+hKTRW0Uf8kbzI=
github.com/miekg/dns v1.1.72/go.mod h1:+EuEPhdHOsfk6Wk5TT2CzssZdqkmFhf8r+aVyDEToIs=
github.com/usbarmory/tamago v1.26.4 h1:laFvRANKgVYFHxLHjIlhqJCc3Xm+qMyab2SlUoNw6zY=
github.com/usbarmory/tamago v1.26.4/go.mod h1:HZkb+ZkzFl8aCxAuF7exsKX+XaNM0mYG9Iv7ooX1WDY=
github.com/xinix00/HopOS/metal v1.12.0 h1:BiYcQlN3Lw01lzgEhowORr/9U/DS9g2zleUcnuWlMy8=
github.com/xinix00/HopOS/metal v1.12.0/go.mod h1:AfMke3ip1uTFCikLzSA9wcdNCsKj31d+AH9QUp73Ts0=
github.com/xinix00/go-net v0.1.0-hopos.1 h1:IInB6ADlgB/9cSRgvqTe+2QHEE9ZmiVAAj5PfjBZkzc=
github.com/xinix00/go-net v0.1.0-hopos.1/go.mod h1:VTREef+rB+FmP6QPLIWsGUJxbUMFNkBYy1RnVRASexQ=
github.com/xinix00/hoplib v0.1.0 h1:iXpM1g+4Egp3FY4bk7gVKGmcGHX6kzNsRqRZNwW7Abw=
github.com/xinix00/hoplib v0.1.0/go.mod h1:qpRYSsWr5FZOoTnDxOFjkLJt+5GVYwYYz6G0zPMTMms=
github.com/xinix00/lneto v0.4.0-hopos.1 h1:/JAJIqFOJwN/WMkTErnBYtr2GDhtiKz5SrAJCTiKc3E=
github.com/xinix00/lneto v0.4.0-hopos.1/go.mod h1:7fWiWA+zOtv8E9Jj8CyhLF4mvZ8S0uwdCxVRKY0rl0U=
golang.org/x/mod v0.31.0 h1:HaW9xtz0+kOcWKwli0ZXy79Ix+UW/vOfmWI5QVd2tgI=
golang.org/x/mod v0.31.0/go.mod h1:43JraMp9cGx1Rx3AqioxrbrhNsLl2l/iNAvuBkrezpg=
golang.org/x/net v0.48.0 h1:zyQRTTrjc33Lhh0fBgT/H3oZq9WuvRR5gPC70xpDiQU=
golang.org/x/net v0.48.0/go.mod h1:+ndRgGjkh8FGtu1w1FGbEC31if4VrNVMuKTgcAAnQRY=
golang.org/x/sync v0.19.0 h1:vV+1eWNmZ5geRlYjzm2adRgW2/mcpevXNg50YZtPCE4=
golang.org/x/sync v0.19.0/go.mod h1:9KTHXmSnoGruLpwFjVSX0lNNA75CykiMECbovNTZqGI=
golang.org/x/sys v0.44.0 h1:ildZl3J4uzeKP07r2F++Op7E9B29JRUy+a27EibtBTQ=
golang.org/x/sys v0.44.0/go.mod h1:4GL1E5IUh+htKOUEOaiffhrAeqysfVGipDYzABqnCmw=
golang.org/x/time v0.7.0 h1:ntUhktv3OPE6TgYxXWv9vKvUSJyIFJlyohwbkEwPrKQ=
golang.org/x/time v0.7.0/go.mod h1:3BpzKBy/shNhVucY/MWOyx10tF3SFh9QdLuxbVysPQM=
golang.org/x/tools v0.40.0 h1:yLkxfA+Qnul4cs9QA3KnlFu0lVmd8JJfoq+E41uSutA=
golang.org/x/tools v0.40.0/go.mod h1:Ik/tzLRlbscWpqqMRjyWYDisX8bG13FrdXp3o4Sr9lc=
gopkg.in/check.v1 v0.0.0-20161208181325-20d25e280405 h1:yhCVgyC4o1eVCa2tZl7eS0r+SDo693bJlVdllGtEeKM=
gopkg.in/check.v1 v0.0.0-20161208181325-20d25e280405/go.mod h1:Co6ibVJAznAaIkqp8huTwlJQCZ016jof/cbN4VW5Yz0=
gopkg.in/yaml.v3 v3.0.1 h1:fxVm/GzAzEWqLHuvctI91KS9hhNmmWOoWu0XTYJS7CA=
gopkg.in/yaml.v3 v3.0.1/go.mod h1:K4uyk7z7BCEPqu6E+C64Yfv1cQ7kz7rIZviUmN+EgEM=
gvisor.dev/gvisor v0.0.0-20250911055229-61a46406f068 h1:95kdltF/maTDk/Wulj7V81cSLgjB/Mg/6eJmOKsey4U=
gvisor.dev/gvisor v0.0.0-20250911055229-61a46406f068/go.mod h1:K16uJjZ+hSqDVsXhU2Rg2FpMN7kBvjZp/Ibt5BYZJjw=
